
Microsoft Visual Studio Solution File, Format Version 12.00
# Visual Studio Version 17
VisualStudioVersion = 17.2.32505.173
MinimumVisualStudioVersion = 10.0.40219.1
Project("{9A19103F-16F7-4668-BE54-9A1E7A4F7556}") = "NonHateSpeechForum", "NonHateSpeechForum\NonHateSpeechForum.csproj", "{681E492A-F46B-4F95-8779-1DA0C1CFA010}"
	ProjectSection(ProjectDependencies) = postProject
		{137457B9-08AF-4C7B-858A-4DBEA33DB89F} = {137457B9-08AF-4C7B-858A-4DBEA33DB89F}
	EndProjectSection
EndProject
Project("{9A19103F-16F7-4668-BE54-9A1E7A4F7556}") = "NonHateSpeechForum.Data", "NonHateSpeechForum.Data\NonHateSpeechForum.Data.csproj", "{137457B9-08AF-4C7B-858A-4DBEA33DB89F}"
EndProject
Project("{9A19103F-16F7-4668-BE54-9A1E7A4F7556}") = "NonHateSpeechForum.Services", "NonHateSpeechForum.Services\NonHateSpeechForum.Services.csproj", "{C8C83917-4CE2-443B-BE93-7BD574F1642D}"
	ProjectSection(ProjectDependencies) = postProject
		{137457B9-08AF-4C7B-858A-4DBEA33DB89F} = {137457B9-08AF-4C7B-858A-4DBEA33DB89F}
	EndProjectSection
EndProject
Project("{FAE04EC0-301F-11D3-BF4B-00C04F79EFBC}") = "ProfanityDetectionTrainer", "ProfanityDetectionTrainer\ProfanityDetectionTrainer.csproj", "{CAB0D4CB-80BE-4255-8B2B-D97BBC000F8F}"
EndProject
Global
	GlobalSection(SolutionConfigurationPlatforms) = preSolution
		Debug|Any CPU = Debug|Any CPU
		Release|Any CPU = Release|Any CPU
	EndGlobalSection
	GlobalSection(ProjectConfigurationPlatforms) = postSolution
		{681E492A-F46B-4F95-8779-1DA0C1CFA010}.Debug|Any CPU.ActiveCfg = Debug|Any CPU
		{681E492A-F46B-4F95-8779-1DA0C1CFA010}.Debug|Any CPU.Build.0 = Debug|Any CPU
		{681E492A-F46B-4F95-8779-1DA0C1CFA010}.Release|Any CPU.ActiveCfg = Release|Any CPU
		{681E492A-F46B-4F95-8779-1DA0C1CFA010}.Release|Any CPU.Build.0 = Release|Any CPU
		{137457B9-08AF-4C7B-858A-4DBEA33DB89F}.Debug|Any CPU.ActiveCfg = Debug|Any CPU
		{137457B9-08AF-4C7B-858A-4DBEA33DB89F}.Debug|Any CPU.Build.0 = Debug|Any CPU
		{137457B9-08AF-4C7B-858A-4DBEA33DB89F}.Release|Any CPU.ActiveCfg = Release|Any CPU
		{137457B9-08AF-4C7B-858A-4DBEA33DB89F}.Release|Any CPU.Build.0 = Release|Any CPU
		{C8C83917-4CE2-443B-BE93-7BD574F1642D}.Debug|Any CPU.ActiveCfg = Debug|Any CPU
		{C8C83917-4CE2-443B-BE93-7BD574F1642D}.Debug|Any CPU.Build.0 = Debug|Any CPU
		{C8C83917-4CE2-443B-BE93-7BD574F1642D}.Release|Any CPU.ActiveCfg = Release|Any CPU
		{C8C83917-4CE2-443B-BE93-7BD574F1642D}.Release|Any CPU.Build.0 = Release|Any CPU
		{CAB0D4CB-80BE-4255-8B2B-D97BBC000F8F}.Debug|Any CPU.ActiveCfg = Debug|Any CPU
		{CAB0D4CB-80BE-4255-8B2B-D97BBC000F8F}.Debug|Any CPU.Build.0 = Debug|Any CPU
		{CAB0D4CB-80BE-4255-8B2B-D97BBC000F8F}.Release|Any CPU.ActiveCfg = Release|Any CPU
		{CAB0D4CB-80BE-4255-8B2B-D97BBC000F8F}.Release|Any CPU.Build.0 = Release|Any CPU
	EndGlobalSection
	GlobalSection(SolutionProperties) = preSolution
		HideSolutionNode = FALSE
	EndGlobalSection
	GlobalSection(ExtensibilityGlobals) = postSolution
		SolutionGuid = {64137CE7-54ED-4BC3-A2EA-5620EE7A4492}
	EndGlobalSection
EndGlobal
